// !$*UTF8*$!
{
	archiveVersion = 1;
	classes = {
	};
	objectVersion = 55;
	objects = {

/* Begin PBXBuildFile section */
		AD7266FE2824C6FA000BB36D /* AppDelegate.swift in Sources */ = {isa = PBXBuildFile; fileRef = AD7266FD2824C6FA000BB36D /* AppDelegate.swift */; };
		AD7267002824C6FA000BB36D /* SceneDelegate.swift in Sources */ = {isa = PBXBuildFile; fileRef = AD7266FF2824C6FA000BB36D /* SceneDelegate.swift */; };
		AD7267022824C6FA000BB36D /* ViewController.swift in Sources */ = {isa = PBXBuildFile; fileRef = AD7267012824C6FA000BB36D /* ViewController.swift */; };
		AD7267052824C6FA000BB36D /* Main.storyboard in Resources */ = {isa = PBXBuildFile; fileRef = AD7267032824C6FA000BB36D /* Main.storyboard */; };
		AD7267072824C6FC000BB36D /* Assets.xcassets in Resources */ = {isa = PBXBuildFile; fileRef = AD7267062824C6FC000BB36D /* Assets.xcassets */; };
		AD72670A2824C6FC000BB36D /* LaunchScreen.storyboard in Resources */ = {isa = PBXBuildFile; fileRef = AD7267082824C6FC000BB36D /* LaunchScreen.storyboard */; };
		AD7267192824C870000BB36D /* LoginVC.swift in Sources */ = {isa = PBXBuildFile; fileRef = AD7267182824C870000BB36D /* LoginVC.swift */; };
		AD72671B2824C885000BB36D /* HomeVC.swift in Sources */ = {isa = PBXBuildFile; fileRef = AD72671A2824C885000BB36D /* HomeVC.swift */; };
		AD72671D2824C897000BB36D /* SignUpVC.swift in Sources */ = {isa = PBXBuildFile; fileRef = AD72671C2824C897000BB36D /* SignUpVC.swift */; };
		AD7267202824D12C000BB36D /* Utilities.swift in Sources */ = {isa = PBXBuildFile; fileRef = AD72671F2824D12C000BB36D /* Utilities.swift */; };
		AD7267222824E307000BB36D /* GoogleService-Info.plist in Resources */ = {isa = PBXBuildFile; fileRef = AD7267212824E307000BB36D /* GoogleService-Info.plist */; };
		AD7267252824E4F1000BB36D /* FirebaseAnalytics in Frameworks */ = {isa = PBXBuildFile; productRef = AD7267242824E4F1000BB36D /* FirebaseAnalytics */; };
		AD7267272824E4F1000BB36D /* FirebaseAnalyticsOnDeviceConversion in Frameworks */ = {isa = PBXBuildFile; productRef = AD7267262824E4F1000BB36D /* FirebaseAnalyticsOnDeviceConversion */; };
		AD7267292824E4F1000BB36D /* FirebaseAnalyticsSwift in Frameworks */ = {isa = PBXBuildFile; productRef = AD7267282824E4F1000BB36D /* FirebaseAnalyticsSwift */; };
		AD72672B2824E4F1000BB36D /* FirebaseAnalyticsWithoutAdIdSupport in Frameworks */ = {isa = PBXBuildFile; productRef = AD72672A2824E4F1000BB36D /* FirebaseAnalyticsWithoutAdIdSupport */; };
		AD72672D2824E4F1000BB36D /* FirebaseAuth in Frameworks */ = {isa = PBXBuildFile; productRef = AD72672C2824E4F1000BB36D /* FirebaseAuth */; };
		AD72672F2824E4F1000BB36D /* FirebaseAuthCombine-Community in Frameworks */ = {isa = PBXBuildFile; productRef = AD72672E2824E4F1000BB36D /* FirebaseAuthCombine-Community */; };
		AD7267312824E4F1000BB36D /* FirebaseCrashlytics in Frameworks */ = {isa = PBXBuildFile; productRef = AD7267302824E4F1000BB36D /* FirebaseCrashlytics */; };
		AD7267332824E4F1000BB36D /* FirebaseDatabase in Frameworks */ = {isa = PBXBuildFile; productRef = AD7267322824E4F1000BB36D /* FirebaseDatabase */; };
		AD7267352824E4F1000BB36D /* FirebaseDatabaseSwift in Frameworks */ = {isa = PBXBuildFile; productRef = AD7267342824E4F1000BB36D /* FirebaseDatabaseSwift */; };
		AD7267372824E4F1000BB36D /* FirebaseFirestore in Frameworks */ = {isa = PBXBuildFile; productRef = AD7267362824E4F1000BB36D /* FirebaseFirestore */; };
		AD7267392824E4F1000BB36D /* FirebaseFirestoreCombine-Community in Frameworks */ = {isa = PBXBuildFile; productRef = AD7267382824E4F1000BB36D /* FirebaseFirestoreCombine-Community */; };
		AD72673B2824E4F1000BB36D /* FirebaseFirestoreSwift in Frameworks */ = {isa = PBXBuildFile; productRef = AD72673A2824E4F1000BB36D /* FirebaseFirestoreSwift */; };
		AD72673D2824E4F1000BB36D /* FirebaseFunctions in Frameworks */ = {isa = PBXBuildFile; productRef = AD72673C2824E4F1000BB36D /* FirebaseFunctions */; };
		AD72673F2824E4F1000BB36D /* FirebaseFunctionsCombine-Community in Frameworks */ = {isa = PBXBuildFile; productRef = AD72673E2824E4F1000BB36D /* FirebaseFunctionsCombine-Community */; };
		AD7267412824E4F1000BB36D /* FirebaseStorage in Frameworks */ = {isa = PBXBuildFile; productRef = AD7267402824E4F1000BB36D /* FirebaseStorage */; };
		AD7267432824E4F1000BB36D /* FirebaseStorageCombine-Community in Frameworks */ = {isa = PBXBuildFile; productRef = AD7267422824E4F1000BB36D /* FirebaseStorageCombine-Community */; };
/* End PBXBuildFile section */

/* Begin PBXFileReference section */
		AD7266FA2824C6FA000BB36D /* justAnApplication.app */ = {isa = PBXFileReference; explicitFileType = wrapper.application; includeInIndex = 0; path = justAnApplication.app; sourceTree = BUILT_PRODUCTS_DIR; };
		AD7266FD2824C6FA000BB36D /* AppDelegate.swift */ = {isa = PBXFileReference; lastKnownFileType = sourcecode.swift; path = AppDelegate.swift; sourceTree = "<group>"; };
		AD7266FF2824C6FA000BB36D /* SceneDelegate.swift */ = {isa = PBXFileReference; lastKnownFileType = sourcecode.swift; path = SceneDelegate.swift; sourceTree = "<group>"; };
		AD7267012824C6FA000BB36D /* ViewController.swift */ = {isa = PBXFileReference; lastKnownFileType = sourcecode.swift; path = ViewController.swift; sourceTree = "<group>"; };
		AD7267042824C6FA000BB36D /* Base */ = {isa = PBXFileReference; lastKnownFileType = file.storyboard; name = Base; path = Base.lproj/Main.storyboard; sourceTree = "<group>"; };
		AD7267062824C6FC000BB36D /* Assets.xcassets */ = {isa = PBXFileReference; lastKnownFileType = folder.assetcatalog; path = Assets.xcassets; sourceTree = "<group>"; };
		AD7267092824C6FC000BB36D /* Base */ = {isa = PBXFileReference; lastKnownFileType = file.storyboard; name = Base; path = Base.lproj/LaunchScreen.storyboard; sourceTree = "<group>"; };
		AD72670B2824C6FC000BB36D /* Info.plist */ = {isa = PBXFileReference; lastKnownFileType = text.plist.xml; path = Info.plist; sourceTree = "<group>"; };
		AD7267182824C870000BB36D /* LoginVC.swift */ = {isa = PBXFileReference; lastKnownFileType = sourcecode.swift; path = LoginVC.swift; sourceTree = "<group>"; };
		AD72671A2824C885000BB36D /* HomeVC.swift */ = {isa = PBXFileReference; lastKnownFileType = sourcecode.swift; path = HomeVC.swift; sourceTree = "<group>"; };
		AD72671C2824C897000BB36D /* SignUpVC.swift */ = {isa = PBXFileReference; lastKnownFileType = sourcecode.swift; path = SignUpVC.swift; sourceTree = "<group>"; };
		AD72671F2824D12C000BB36D /* Utilities.swift */ = {isa = PBXFileReference; fileEncoding = 4; lastKnownFileType = sourcecode.swift; path = Utilities.swift; sourceTree = "<group>"; };
		AD7267212824E307000BB36D /* GoogleService-Info.plist */ = {isa = PBXFileReference; fileEncoding = 4; lastKnownFileType = text.plist.xml; name = "GoogleService-Info.plist"; path = "../../GoogleService-Info.plist"; sourceTree = "<group>"; };
/* End PBXFileReference section */

/* Begin PBXFrameworksBuildPhase section */
		AD7266F72824C6FA000BB36D /* Frameworks */ = {
			isa = PBXFrameworksBuildPhase;
			buildActionMask = 2147483647;
			files = (
				AD7267292824E4F1000BB36D /* FirebaseAnalyticsSwift in Frameworks */,
				AD72672F2824E4F1000BB36D /* FirebaseAuthCombine-Community in Frameworks */,
				AD72672D2824E4F1000BB36D /* FirebaseAuth in Frameworks */,
				AD7267372824E4F1000BB36D /* FirebaseFirestore in Frameworks */,
				AD7267352824E4F1000BB36D /* FirebaseDatabaseSwift in Frameworks */,
				AD7267392824E4F1000BB36D /* FirebaseFirestoreCombine-Community in Frameworks */,
				AD7267312824E4F1000BB36D /* FirebaseCrashlytics in Frameworks */,
				AD72673F2824E4F1000BB36D /* FirebaseFunctionsCombine-Community in Frameworks */,
				AD7267412824E4F1000BB36D /* FirebaseStorage in Frameworks */,
				AD7267252824E4F1000BB36D /* FirebaseAnalytics in Frameworks */,
				AD7267432824E4F1000BB36D /* FirebaseStorageCombine-Community in Frameworks */,
				AD7267272824E4F1000BB36D /* FirebaseAnalyticsOnDeviceConversion in Frameworks */,
				AD72673D2824E4F1000BB36D /* FirebaseFunctions in Frameworks */,
				AD7267332824E4F1000BB36D /* FirebaseDatabase in Frameworks */,
				AD72672B2824E4F1000BB36D /* FirebaseAnalyticsWithoutAdIdSupport in Frameworks */,
				AD72673B2824E4F1000BB36D /* FirebaseFirestoreSwift in Frameworks */,
			);
			runOnlyForDeploymentPostprocessing = 0;
		};
/* End PBXFrameworksBuildPhase section */

/* Begin PBXGroup section */
		AD7266F12824C6FA000BB36D = {
			isa = PBXGroup;
			children = (
				AD7266FC2824C6FA000BB36D /* justAnApplication */,
				AD7266FB2824C6FA000BB36D /* Products */,
			);
			sourceTree = "<group>";
		};
		AD7266FB2824C6FA000BB36D /* Products */ = {
			isa = PBXGroup;
			children = (
				AD7266FA2824C6FA000BB36D /* justAnApplication.app */,
			);
			name = Products;
			sourceTree = "<group>";
		};
		AD7266FC2824C6FA000BB36D /* justAnApplication */ = {
			isa = PBXGroup;
			children = (
				AD7266FD2824C6FA000BB36D /* AppDelegate.swift */,
				AD7266FF2824C6FA000BB36D /* SceneDelegate.swift */,
				AD7267162824C836000BB36D /* a_Login */,
				AD7267172824C854000BB36D /* b_Core */,
				AD72671E2824D0D6000BB36D /* c_Helpers */,
				AD7267032824C6FA000BB36D /* Main.storyboard */,
				AD7267062824C6FC000BB36D /* Assets.xcassets */,
				AD7267082824C6FC000BB36D /* LaunchScreen.storyboard */,
				AD7267212824E307000BB36D /* GoogleService-Info.plist */,
				AD72670B2824C6FC000BB36D /* Info.plist */,
			);
			path = justAnApplication;
			sourceTree = "<group>";
		};
		AD7267162824C836000BB36D /* a_Login */ = {
			isa = PBXGroup;
			children = (
				AD7267012824C6FA000BB36D /* ViewController.swift */,
				AD7267182824C870000BB36D /* LoginVC.swift */,
				AD72671C2824C897000BB36D /* SignUpVC.swift */,
			);
			path = a_Login;
			sourceTree = "<group>";
		};
		AD7267172824C854000BB36D /* b_Core */ = {
			isa = PBXGroup;
			children = (
				AD72671A2824C885000BB36D /* HomeVC.swift */,
			);
			path = b_Core;
			sourceTree = "<group>";
		};
		AD72671E2824D0D6000BB36D /* c_Helpers */ = {
			isa = PBXGroup;
			children = (
				AD72671F2824D12C000BB36D /* Utilities.swift */,
			);
			path = c_Helpers;
			sourceTree = "<group>";
		};
/* End PBXGroup section */

/* Begin PBXNativeTarget section */
		AD7266F92824C6FA000BB36D /* justAnApplication */ = {
			isa = PBXNativeTarget;
			buildConfigurationList = AD72670E2824C6FC000BB36D /* Build configuration list for PBXNativeTarget "justAnApplication" */;
			buildPhases = (
				AD7266F62824C6FA000BB36D /* Sources */,
				AD7266F72824C6FA000BB36D /* Frameworks */,
				AD7266F82824C6FA000BB36D /* Resources */,
			);
			buildRules = (
			);
			dependencies = (
			);
			name = justAnApplication;
			packageProductDependencies = (
				AD7267242824E4F1000BB36D /* FirebaseAnalytics */,
				AD7267262824E4F1000BB36D /* FirebaseAnalyticsOnDeviceConversion */,
				AD7267282824E4F1000BB36D /* FirebaseAnalyticsSwift */,
				AD72672A2824E4F1000BB36D /* FirebaseAnalyticsWithoutAdIdSupport */,
				AD72672C2824E4F1000BB36D /* FirebaseAuth */,
				AD72672E2824E4F1000BB36D /* FirebaseAuthCombine-Community */,
				AD7267302824E4F1000BB36D /* FirebaseCrashlytics */,
				AD7267322824E4F1000BB36D /* FirebaseDatabase */,
				AD7267342824E4F1000BB36D /* FirebaseDatabaseSwift */,
				AD7267362824E4F1000BB36D /* FirebaseFirestore */,
				AD7267382824E4F1000BB36D /* FirebaseFirestoreCombine-Community */,
				AD72673A2824E4F1000BB36D /* FirebaseFirestoreSwift */,
				AD72673C2824E4F1000BB36D /* FirebaseFunctions */,
				AD72673E2824E4F1000BB36D /* FirebaseFunctionsCombine-Community */,
				AD7267402824E4F1000BB36D /* FirebaseStorage */,
				AD7267422824E4F1000BB36D /* FirebaseStorageCombine-Community */,
			);
			productName = justAnApplication;
			productReference = AD7266FA2824C6FA000BB36D /* justAnApplication.app */;
			productType = "com.apple.product-type.application";
		};
/* End PBXNativeTarget section */

/* Begin PBXProject section */
		AD7266F22824C6FA000BB36D /* Project object */ = {
			isa = PBXProject;
			attributes = {
				BuildIndependentTargetsInParallel = 1;
				LastSwiftUpdateCheck = 1320;
				LastUpgradeCheck = 1320;
				TargetAttributes = {
					AD7266F92824C6FA000BB36D = {
						CreatedOnToolsVersion = 13.2.1;
					};
				};
			};
			buildConfigurationList = AD7266F52824C6FA000BB36D /* Build configuration list for PBXProject "justAnApplication" */;
			compatibilityVersion = "Xcode 13.0";
			developmentRegion = en;
			hasScannedForEncodings = 0;
			knownRegions = (
				en,
				Base,
			);
			mainGroup = AD7266F12824C6FA000BB36D;
			packageReferences = (
				AD7267232824E4F0000BB36D /* XCRemoteSwiftPackageReference "firebase-ios-sdk" */,
			);
			productRefGroup = AD7266FB2824C6FA000BB36D /* Products */;
			projectDirPath = "";
			projectRoot = "";
			targets = (
				AD7266F92824C6FA000BB36D /* justAnApplication */,
			);
		};
/* End PBXProject section */

/* Begin PBXResourcesBuildPhase section */
		AD7266F82824C6FA000BB36D /* Resources */ = {
			isa = PBXResourcesBuildPhase;
			buildActionMask = 2147483647;
			files = (
				AD72670A2824C6FC000BB36D /* LaunchScreen.storyboard in Resources */,
				AD7267222824E307000BB36D /* GoogleService-Info.plist in Resources */,
				AD7267072824C6FC000BB36D /* Assets.xcassets in Resources */,
				AD7267052824C6FA000BB36D /* Main.storyboard in Resources */,
			);
			runOnlyForDeploymentPostprocessing = 0;
		};
/* End PBXResourcesBuildPhase section */

/* Begin PBXSourcesBuildPhase section */
		AD7266F62824C6FA000BB36D /* Sources */ = {
			isa = PBXSourcesBuildPhase;
			buildActionMask = 2147483647;
			files = (
				AD7267022824C6FA000BB36D /* ViewController.swift in Sources */,
				AD72671B2824C885000BB36D /* HomeVC.swift in Sources */,
				AD7267202824D12C000BB36D /* Utilities.swift in Sources */,
				AD7266FE2824C6FA000BB36D /* AppDelegate.swift in Sources */,
				AD7267192824C870000BB36D /* LoginVC.swift in Sources */,
				AD72671D2824C897000BB36D /* SignUpVC.swift in Sources */,
				AD7267002824C6FA000BB36D /* SceneDelegate.swift in Sources */,
			);
			runOnlyForDeploymentPostprocessing = 0;
		};
/* End PBXSourcesBuildPhase section */

/* Begin PBXVariantGroup section */
		AD7267032824C6FA000BB36D /* Main.storyboard */ = {
			isa = PBXVariantGroup;
			children = (
				AD7267042824C6FA000BB36D /* Base */,
			);
			name = Main.storyboard;
			sourceTree = "<group>";
		};
		AD7267082824C6FC000BB36D /* LaunchScreen.storyboard */ = {
			isa = PBXVariantGroup;
			children = (
				AD7267092824C6FC000BB36D /* Base */,
			);
			name = LaunchScreen.storyboard;
			sourceTree = "<group>";
		};
/* End PBXVariantGroup section */

/* Begin XCBuildConfiguration section */
		AD72670C2824C6FC000BB36D /* Debug */ = {
			isa = XCBuildConfiguration;
			buildSettings = {
				ALWAYS_SEARCH_USER_PATHS = NO;
				CLANG_ANALYZER_NONNULL = YES;
				CLANG_ANALYZER_NUMBER_OBJECT_CONVERSION = YES_AGGRESSIVE;
				CLANG_CXX_LANGUAGE_STANDARD = "gnu++17";
				CLANG_CXX_LIBRARY = "libc++";
				CLANG_ENABLE_MODULES = YES;
				CLANG_ENABLE_OBJC_ARC = YES;
				CLANG_ENABLE_OBJC_WEAK = YES;
				CLANG_WARN_BLOCK_CAPTURE_AUTORELEASING = YES;
				CLANG_WARN_BOOL_CONVERSION = YES;
				CLANG_WARN_COMMA = YES;
				CLANG_WARN_CONSTANT_CONVERSION = YES;
				CLANG_WARN_DEPRECATED_OBJC_IMPLEMENTATIONS = YES;
				CLANG_WARN_DIRECT_OBJC_ISA_USAGE = YES_ERROR;
				CLANG_WARN_DOCUMENTATION_COMMENTS = YES;
				CLANG_WARN_EMPTY_BODY = YES;
				CLANG_WARN_ENUM_CONVERSION = YES;
				CLANG_WARN_INFINITE_RECURSION = YES;
				CLANG_WARN_INT_CONVERSION = YES;
				CLANG_WARN_NON_LITERAL_NULL_CONVERSION = YES;
				CLANG_WARN_OBJC_IMPLICIT_RETAIN_SELF = YES;
				CLANG_WARN_OBJC_LITERAL_CONVERSION = YES;
				CLANG_WARN_OBJC_ROOT_CLASS = YES_ERROR;
				CLANG_WARN_QUOTED_INCLUDE_IN_FRAMEWORK_HEADER = YES;
				CLANG_WARN_RANGE_LOOP_ANALYSIS = YES;
				CLANG_WARN_STRICT_PROTOTYPES = YES;
				CLANG_WARN_SUSPICIOUS_MOVE = YES;
				CLANG_WARN_UNGUARDED_AVAILABILITY = YES_AGGRESSIVE;
				CLANG_WARN_UNREACHABLE_CODE = YES;
				CLANG_WARN__DUPLICATE_METHOD_MATCH = YES;
				COPY_PHASE_STRIP = NO;
				DEBUG_INFORMATION_FORMAT = dwarf;
				ENABLE_STRICT_OBJC_MSGSEND = YES;
				ENABLE_TESTABILITY = YES;
				GCC_C_LANGUAGE_STANDARD = gnu11;
				GCC_DYNAMIC_NO_PIC = NO;
				GCC_NO_COMMON_BLOCKS = YES;
				GCC_OPTIMIZATION_LEVEL = 0;
				GCC_PREPROCESSOR_DEFINITIONS = (
					"DEBUG=1",
					"$(inherited)",
				);
				GCC_WARN_64_TO_32_BIT_CONVERSION = YES;
				GCC_WARN_ABOUT_RETURN_TYPE = YES_ERROR;
				GCC_WARN_UNDECLARED_SELECTOR = YES;
				GCC_WARN_UNINITIALIZED_AUTOS = YES_AGGRESSIVE;
				GCC_WARN_UNUSED_FUNCTION = YES;
				GCC_WARN_UNUSED_VARIABLE = YES;
				IPHONEOS_DEPLOYMENT_TARGET = 15.2;
				MTL_ENABLE_DEBUG_INFO = INCLUDE_SOURCE;
				MTL_FAST_MATH = YES;
				ONLY_ACTIVE_ARCH = YES;
				SDKROOT = iphoneos;
				SWIFT_ACTIVE_COMPILATION_CONDITIONS = DEBUG;
				SWIFT_OPTIMIZATION_LEVEL = "-Onone";
			};
			name = Debug;
		};
		AD72670D2824C6FC000BB36D /* Release */ = {
			isa = XCBuildConfiguration;
			buildSettings = {
				ALWAYS_SEARCH_USER_PATHS = NO;
				CLANG_ANALYZER_NONNULL = YES;
				CLANG_ANALYZER_NUMBER_OBJECT_CONVERSION = YES_AGGRESSIVE;
				CLANG_CXX_LANGUAGE_STANDARD = "gnu++17";
				CLANG_CXX_LIBRARY = "libc++";
				CLANG_ENABLE_MODULES = YES;
				CLANG_ENABLE_OBJC_ARC = YES;
				CLANG_ENABLE_OBJC_WEAK = YES;
				CLANG_WARN_BLOCK_CAPTURE_AUTORELEASING = YES;
				CLANG_WARN_BOOL_CONVERSION = YES;
				CLANG_WARN_COMMA = YES;
				CLANG_WARN_CONSTANT_CONVERSION = YES;
				CLANG_WARN_DEPRECATED_OBJC_IMPLEMENTATIONS = YES;
				CLANG_WARN_DIRECT_OBJC_ISA_USAGE = YES_ERROR;
				CLANG_WARN_DOCUMENTATION_COMMENTS = YES;
				CLANG_WARN_EMPTY_BODY = YES;
				CLANG_WARN_ENUM_CONVERSION = YES;
				CLANG_WARN_INFINITE_RECURSION = YES;
				CLANG_WARN_INT_CONVERSION = YES;
				CLANG_WARN_NON_LITERAL_NULL_CONVERSION = YES;
				CLANG_WARN_OBJC_IMPLICIT_RETAIN_SELF = YES;
				CLANG_WARN_OBJC_LITERAL_CONVERSION = YES;
				CLANG_WARN_OBJC_ROOT_CLASS = YES_ERROR;
				CLANG_WARN_QUOTED_INCLUDE_IN_FRAMEWORK_HEADER = YES;
				CLANG_WARN_RANGE_LOOP_ANALYSIS = YES;
				CLANG_WARN_STRICT_PROTOTYPES = YES;
				CLANG_WARN_SUSPICIOUS_MOVE = YES;
				CLANG_WARN_UNGUARDED_AVAILABILITY = YES_AGGRESSIVE;
				CLANG_WARN_UNREACHABLE_CODE = YES;
				CLANG_WARN__DUPLICATE_METHOD_MATCH = YES;
				COPY_PHASE_STRIP = NO;
				DEBUG_INFORMATION_FORMAT = "dwarf-with-dsym";
				ENABLE_NS_ASSERTIONS = NO;
				ENABLE_STRICT_OBJC_MSGSEND = YES;
				GCC_C_LANGUAGE_STANDARD = gnu11;
				GCC_NO_COMMON_BLOCKS = YES;
				GCC_WARN_64_TO_32_BIT_CONVERSION = YES;
				GCC_WARN_ABOUT_RETURN_TYPE = YES_ERROR;
				GCC_WARN_UNDECLARED_SELECTOR = YES;
				GCC_WARN_UNINITIALIZED_AUTOS = YES_AGGRESSIVE;
				GCC_WARN_UNUSED_FUNCTION = YES;
				GCC_WARN_UNUSED_VARIABLE = YES;
				IPHONEOS_DEPLOYMENT_TARGET = 15.2;
				MTL_ENABLE_DEBUG_INFO = NO;
				MTL_FAST_MATH = YES;
				SDKROOT = iphoneos;
				SWIFT_COMPILATION_MODE = wholemodule;
				SWIFT_OPTIMIZATION_LEVEL = "-O";
				VALIDATE_PRODUCT = YES;
			};
			name = Release;
		};
		AD72670F2824C6FC000BB36D /* Debug */ = {
			isa = XCBuildConfiguration;
			buildSettings = {
				ASSETCATALOG_COMPILER_APPICON_NAME = AppIcon;
				ASSETCATALOG_COMPILER_GLOBAL_ACCENT_COLOR_NAME = AccentColor;
				CODE_SIGN_STYLE = Automatic;
				CURRENT_PROJECT_VERSION = 1;
				DEVELOPMENT_TEAM = 5RW8KRPU23;
				GENERATE_INFOPLIST_FILE = YES;
				INFOPLIST_FILE = justAnApplication/Info.plist;
				INFOPLIST_KEY_UIApplicationSupportsIndirectInputEvents = YES;
				INFOPLIST_KEY_UILaunchStoryboardName = LaunchScreen;
				INFOPLIST_KEY_UIMainStoryboardFile = Main;
				INFOPLIST_KEY_UISupportedInterfaceOrientations_iPad = "UIInterfaceOrientationPortrait UIInterfaceOrientationPortraitUpsideDown UIInterfaceOrientationLandscapeLeft UIInterfaceOrientationLandscapeRight";
				INFOPLIST_KEY_UISupportedInterfaceOrientations_iPhone = "UIInterfaceOrientationPortrait UIInterfaceOrientationLandscapeLeft UIInterfaceOrientationLandscapeRight";
				LD_RUNPATH_SEARCH_PATHS = (
					"$(inherited)",
					"@executable_path/Frameworks",
				);
				MARKETING_VERSION = 1.0;
				PRODUCT_BUNDLE_IDENTIFIER = com.tlsdlfnoff.justAnApplication;
				PRODUCT_NAME = "$(TARGET_NAME)";
				SWIFT_EMIT_LOC_STRINGS = YES;
				SWIFT_VERSION = 5.0;
				TARGETED_DEVICE_FAMILY = "1,2";
			};
			name = Debug;
		};
		AD7267102824C6FC000BB36D /* Release */ = {
			isa = XCBuildConfiguration;
			buildSettings = {
				ASSETCATALOG_COMPILER_APPICON_NAME = AppIcon;
				ASSETCATALOG_COMPILER_GLOBAL_ACCENT_COLOR_NAME = AccentColor;
				CODE_SIGN_STYLE = Automatic;
				CURRENT_PROJECT_VERSION = 1;
				DEVELOPMENT_TEAM = 5RW8KRPU23;
				GENERATE_INFOPLIST_FILE = YES;
				INFOPLIST_FILE = justAnApplication/Info.plist;
				INFOPLIST_KEY_UIApplicationSupportsIndirectInputEvents = YES;
				INFOPLIST_KEY_UILaunchStoryboardName = LaunchScreen;
				INFOPLIST_KEY_UIMainStoryboardFile = Main;
				INFOPLIST_KEY_UISupportedInterfaceOrientations_iPad = "UIInterfaceOrientationPortrait UIInterfaceOrientationPortraitUpsideDown UIInterfaceOrientationLandscapeLeft UIInterfaceOrientationLandscapeRight";
				INFOPLIST_KEY_UISupportedInterfaceOrientations_iPhone = "UIInterfaceOrientationPortrait UIInterfaceOrientationLandscapeLeft UIInterfaceOrientationLandscapeRight";
				LD_RUNPATH_SEARCH_PATHS = (
					"$(inherited)",
					"@executable_path/Frameworks",
				);
				MARKETING_VERSION = 1.0;
				PRODUCT_BUNDLE_IDENTIFIER = com.tlsdlfnoff.justAnApplication;
				PRODUCT_NAME = "$(TARGET_NAME)";
				SWIFT_EMIT_LOC_STRINGS = YES;
				SWIFT_VERSION = 5.0;
				TARGETED_DEVICE_FAMILY = "1,2";
			};
			name = Release;
		};
/* End XCBuildConfiguration section */

/* Begin XCConfigurationList section */
		AD7266F52824C6FA000BB36D /* Build configuration list for PBXProject "justAnApplication" */ = {
			isa = XCConfigurationList;
			buildConfigurations = (
				AD72670C2824C6FC000BB36D /* Debug */,
				AD72670D2824C6FC000BB36D /* Release */,
			);
			defaultConfigurationIsVisible = 0;
			defaultConfigurationName = Release;
		};
		AD72670E2824C6FC000BB36D /* Build configuration list for PBXNativeTarget "justAnApplication" */ = {
			isa = XCConfigurationList;
			buildConfigurations = (
				AD72670F2824C6FC000BB36D /* Debug */,
				AD7267102824C6FC000BB36D /* Release */,
			);
			defaultConfigurationIsVisible = 0;
			defaultConfigurationName = Release;
		};
/* End XCConfigurationList section */

/* Begin XCRemoteSwiftPackageReference section */
		AD7267232824E4F0000BB36D /* XCRemoteSwiftPackageReference "firebase-ios-sdk" */ = {
			isa = XCRemoteSwiftPackageReference;
			repositoryURL = "https://github.com/firebase/firebase-ios-sdk";
			requirement = {
				kind = upToNextMajorVersion;
				minimumVersion = 9.0.0;
			};
		};
/* End XCRemoteSwiftPackageReference section */

/* Begin XCSwiftPackageProductDependency section */
		AD7267242824E4F1000BB36D /* FirebaseAnalytics */ = {
			isa = XCSwiftPackageProductDependency;
			package = AD7267232824E4F0000BB36D /* XCRemoteSwiftPackageReference "firebase-ios-sdk" */;
			productName = FirebaseAnalytics;
		};
		AD7267262824E4F1000BB36D /* FirebaseAnalyticsOnDeviceConversion */ = {
			isa = XCSwiftPackageProductDependency;
			package = AD7267232824E4F0000BB36D /* XCRemoteSwiftPackageReference "firebase-ios-sdk" */;
			productName = FirebaseAnalyticsOnDeviceConversion;
		};
		AD7267282824E4F1000BB36D /* FirebaseAnalyticsSwift */ = {
			isa = XCSwiftPackageProductDependency;
			package = AD7267232824E4F0000BB36D /* XCRemoteSwiftPackageReference "firebase-ios-sdk" */;
			productName = FirebaseAnalyticsSwift;
		};
		AD72672A2824E4F1000BB36D /* FirebaseAnalyticsWithoutAdIdSupport */ = {
			isa = XCSwiftPackageProductDependency;
			package = AD7267232824E4F0000BB36D /* XCRemoteSwiftPackageReference "firebase-ios-sdk" */;
			productName = FirebaseAnalyticsWithoutAdIdSupport;
		};
		AD72672C2824E4F1000BB36D /* FirebaseAuth */ = {
			isa = XCSwiftPackageProductDependency;
			package = AD7267232824E4F0000BB36D /* XCRemoteSwiftPackageReference "firebase-ios-sdk" */;
			productName = FirebaseAuth;
		};
		AD72672E2824E4F1000BB36D /* FirebaseAuthCombine-Community */ = {
			isa = XCSwiftPackageProductDependency;
			package = AD7267232824E4F0000BB36D /* XCRemoteSwiftPackageReference "firebase-ios-sdk" */;
			productName = "FirebaseAuthCombine-Community";
		};
		AD7267302824E4F1000BB36D /* FirebaseCrashlytics */ = {
			isa = XCSwiftPackageProductDependency;
			package = AD7267232824E4F0000BB36D /* XCRemoteSwiftPackageReference "firebase-ios-sdk" */;
			productName = FirebaseCrashlytics;
		};
		AD7267322824E4F1000BB36D /* FirebaseDatabase */ = {
			isa = XCSwiftPackageProductDependency;
			package = AD7267232824E4F0000BB36D /* XCRemoteSwiftPackageReference "firebase-ios-sdk" */;
			productName = FirebaseDatabase;
		};
		AD7267342824E4F1000BB36D /* FirebaseDatabaseSwift */ = {
			isa = XCSwiftPackageProductDependency;
			package = AD7267232824E4F0000BB36D /* XCRemoteSwiftPackageReference "firebase-ios-sdk" */;
			productName = FirebaseDatabaseSwift;
		};
		AD7267362824E4F1000BB36D /* FirebaseFirestore */ = {
			isa = XCSwiftPackageProductDependency;
			package = AD7267232824E4F0000BB36D /* XCRemoteSwiftPackageReference "firebase-ios-sdk" */;
			productName = FirebaseFirestore;
		};
		AD7267382824E4F1000BB36D /* FirebaseFirestoreCombine-Community */ = {
			isa = XCSwiftPackageProductDependency;
			package = AD7267232824E4F0000BB36D /* XCRemoteSwiftPackageReference "firebase-ios-sdk" */;
			productName = "FirebaseFirestoreCombine-Community";
		};
		AD72673A2824E4F1000BB36D /* FirebaseFirestoreSwift */ = {
			isa = XCSwiftPackageProductDependency;
			package = AD7267232824E4F0000BB36D /* XCRemoteSwiftPackageReference "firebase-ios-sdk" */;
			productName = FirebaseFirestoreSwift;
		};
		AD72673C2824E4F1000BB36D /* FirebaseFunctions */ = {
			isa = XCSwiftPackageProductDependency;
			package = AD7267232824E4F0000BB36D /* XCRemoteSwiftPackageReference "firebase-ios-sdk" */;
			productName = FirebaseFunctions;
		};
		AD72673E2824E4F1000BB36D /* FirebaseFunctionsCombine-Community */ = {
			isa = XCSwiftPackageProductDependency;
			package = AD7267232824E4F0000BB36D /* XCRemoteSwiftPackageReference "firebase-ios-sdk" */;
			productName = "FirebaseFunctionsCombine-Community";
		};
		AD7267402824E4F1000BB36D /* FirebaseStorage */ = {
			isa = XCSwiftPackageProductDependency;
			package = AD7267232824E4F0000BB36D /* XCRemoteSwiftPackageReference "firebase-ios-sdk" */;
			productName = FirebaseStorage;
		};
		AD7267422824E4F1000BB36D /* FirebaseStorageCombine-Community */ = {
			isa = XCSwiftPackageProductDependency;
			package = AD7267232824E4F0000BB36D /* XCRemoteSwiftPackageReference "firebase-ios-sdk" */;
			productName = "FirebaseStorageCombine-Community";
		};
/* End XCSwiftPackageProductDependency section */
	};
	rootObject = AD7266F22824C6FA000BB36D /* Project object */;
}
